
Microsoft Visual Studio Solution File, Format Version 12.00
# Visual Studio Version 17
VisualStudioVersion = 17.8.34330.188
MinimumVisualStudioVersion = 10.0.40219.1
Project("{FAE04EC0-301F-11D3-BF4B-00C04F79EFBC}") = "ComboBox", "ComboBox\ComboBox.csproj", "{6F7FF792-1F69-4036-997E-669B446FF2B5}"
EndProject
Global
	GlobalSection(SolutionConfigurationPlatforms) = preSolution
		Debug|Any CPU = Debug|Any CPU
		Release|Any CPU = Release|Any CPU
	EndGlobalSection
	GlobalSection(ProjectConfigurationPlatforms) = postSolution
		{6F7FF792-1F69-4036-997E-669B446FF2B5}.Debug|Any CPU.ActiveCfg = Debug|Any CPU
		{6F7FF792-1F69-4036-997E-669B446FF2B5}.Debug|Any CPU.Build.0 = Debug|Any CPU
		{6F7FF792-1F69-4036-997E-669B446FF2B5}.Release|Any CPU.ActiveCfg = Release|Any CPU
		{6F7FF792-1F69-4036-997E-669B446FF2B5}.Release|Any CPU.Build.0 = Release|Any CPU
	EndGlobalSection
	GlobalSection(SolutionProperties) = preSolution
		HideSolutionNode = FALSE
	EndGlobalSection
	GlobalSection(ExtensibilityGlobals) = postSolution
		SolutionGuid = {B07DD771-D32B-4536-A65E-A6ACFC8B0D38}
	EndGlobalSection
EndGlobal
