
Microsoft Visual Studio Solution File, Format Version 12.00
# Visual Studio Version 17
VisualStudioVersion = 17.8.34330.188
MinimumVisualStudioVersion = 10.0.40219.1
Project("{FAE04EC0-301F-11D3-BF4B-00C04F79EFBC}") = "BasicLoginWindow", "BasicLoginWindow\BasicLoginWindow.csproj", "{8DD8490A-D36C-47E1-B161-DC573289DFCB}"
EndProject
Global
	GlobalSection(SolutionConfigurationPlatforms) = preSolution
		Debug|Any CPU = Debug|Any CPU
		Release|Any CPU = Release|Any CPU
	EndGlobalSection
	GlobalSection(ProjectConfigurationPlatforms) = postSolution
		{8DD8490A-D36C-47E1-B161-DC573289DFCB}.Debug|Any CPU.ActiveCfg = Debug|Any CPU
		{8DD8490A-D36C-47E1-B161-DC573289DFCB}.Debug|Any CPU.Build.0 = Debug|Any CPU
		{8DD8490A-D36C-47E1-B161-DC573289DFCB}.Release|Any CPU.ActiveCfg = Release|Any CPU
		{8DD8490A-D36C-47E1-B161-DC573289DFCB}.Release|Any CPU.Build.0 = Release|Any CPU
	EndGlobalSection
	GlobalSection(SolutionProperties) = preSolution
		HideSolutionNode = FALSE
	EndGlobalSection
	GlobalSection(ExtensibilityGlobals) = postSolution
		SolutionGuid = {076803B7-8DDF-471F-8F4A-E4655EF8D0E9}
	EndGlobalSection
EndGlobal
