
Microsoft Visual Studio Solution File, Format Version 12.00
# Visual Studio Version 17
VisualStudioVersion = 17.8.34511.84
MinimumVisualStudioVersion = 10.0.40219.1
Project("{9A19103F-16F7-4668-BE54-9A1E7A4F7556}") = "TestDrivenApproach", "TestDrivenApproach\TestDrivenApproach.csproj", "{540876A5-CC56-4B37-8ED7-BB0D1B516B63}"
EndProject
Project("{FAE04EC0-301F-11D3-BF4B-00C04F79EFBC}") = "Domain", "Domain\Domain.csproj", "{842E6E27-E752-421E-8199-9471D1744DEB}"
EndProject
Global
	GlobalSection(SolutionConfigurationPlatforms) = preSolution
		Debug|Any CPU = Debug|Any CPU
		Release|Any CPU = Release|Any CPU
	EndGlobalSection
	GlobalSection(ProjectConfigurationPlatforms) = postSolution
		{540876A5-CC56-4B37-8ED7-BB0D1B516B63}.Debug|Any CPU.ActiveCfg = Debug|Any CPU
		{540876A5-CC56-4B37-8ED7-BB0D1B516B63}.Debug|Any CPU.Build.0 = Debug|Any CPU
		{540876A5-CC56-4B37-8ED7-BB0D1B516B63}.Release|Any CPU.ActiveCfg = Release|Any CPU
		{540876A5-CC56-4B37-8ED7-BB0D1B516B63}.Release|Any CPU.Build.0 = Release|Any CPU
		{842E6E27-E752-421E-8199-9471D1744DEB}.Debug|Any CPU.ActiveCfg = Debug|Any CPU
		{842E6E27-E752-421E-8199-9471D1744DEB}.Debug|Any CPU.Build.0 = Debug|Any CPU
		{842E6E27-E752-421E-8199-9471D1744DEB}.Release|Any CPU.ActiveCfg = Release|Any CPU
		{842E6E27-E752-421E-8199-9471D1744DEB}.Release|Any CPU.Build.0 = Release|Any CPU
	EndGlobalSection
	GlobalSection(SolutionProperties) = preSolution
		HideSolutionNode = FALSE
	EndGlobalSection
	GlobalSection(ExtensibilityGlobals) = postSolution
		SolutionGuid = {89BA2B33-B2E7-4795-96E4-9D5070658DC9}
	EndGlobalSection
EndGlobal
