
Microsoft Visual Studio Solution File, Format Version 12.00
# Visual Studio Version 17
VisualStudioVersion = 17.8.34330.188
MinimumVisualStudioVersion = 10.0.40219.1
Project("{FAE04EC0-301F-11D3-BF4B-00C04F79EFBC}") = "ZooManager", "ZooManager\ZooManager.csproj", "{16FE0E4A-BCEB-48E3-ADDC-E00D3719636F}"
EndProject
Global
	GlobalSection(SolutionConfigurationPlatforms) = preSolution
		Debug|Any CPU = Debug|Any CPU
		Release|Any CPU = Release|Any CPU
	EndGlobalSection
	GlobalSection(ProjectConfigurationPlatforms) = postSolution
		{16FE0E4A-BCEB-48E3-ADDC-E00D3719636F}.Debug|Any CPU.ActiveCfg = Debug|Any CPU
		{16FE0E4A-BCEB-48E3-ADDC-E00D3719636F}.Debug|Any CPU.Build.0 = Debug|Any CPU
		{16FE0E4A-BCEB-48E3-ADDC-E00D3719636F}.Release|Any CPU.ActiveCfg = Release|Any CPU
		{16FE0E4A-BCEB-48E3-ADDC-E00D3719636F}.Release|Any CPU.Build.0 = Release|Any CPU
	EndGlobalSection
	GlobalSection(SolutionProperties) = preSolution
		HideSolutionNode = FALSE
	EndGlobalSection
	GlobalSection(ExtensibilityGlobals) = postSolution
		SolutionGuid = {AC8BDAD1-45BA-4EDE-B335-56ACD077AAC4}
	EndGlobalSection
EndGlobal
