
Microsoft Visual Studio Solution File, Format Version 12.00
# Visual Studio Version 17
VisualStudioVersion = 17.8.34511.84
MinimumVisualStudioVersion = 10.0.40219.1
Project("{FAE04EC0-301F-11D3-BF4B-00C04F79EFBC}") = "DelegateDemo", "DelegateDemo\DelegateDemo.csproj", "{9C0BBFC8-2EB4-40F8-86E6-D460B92B7F1C}"
EndProject
Global
	GlobalSection(SolutionConfigurationPlatforms) = preSolution
		Debug|Any CPU = Debug|Any CPU
		Release|Any CPU = Release|Any CPU
	EndGlobalSection
	GlobalSection(ProjectConfigurationPlatforms) = postSolution
		{9C0BBFC8-2EB4-40F8-86E6-D460B92B7F1C}.Debug|Any CPU.ActiveCfg = Debug|Any CPU
		{9C0BBFC8-2EB4-40F8-86E6-D460B92B7F1C}.Debug|Any CPU.Build.0 = Debug|Any CPU
		{9C0BBFC8-2EB4-40F8-86E6-D460B92B7F1C}.Release|Any CPU.ActiveCfg = Release|Any CPU
		{9C0BBFC8-2EB4-40F8-86E6-D460B92B7F1C}.Release|Any CPU.Build.0 = Release|Any CPU
	EndGlobalSection
	GlobalSection(SolutionProperties) = preSolution
		HideSolutionNode = FALSE
	EndGlobalSection
	GlobalSection(ExtensibilityGlobals) = postSolution
		SolutionGuid = {C2095E40-1345-4B80-B992-2C503FA9CF7D}
	EndGlobalSection
EndGlobal
